
Microsoft Visual Studio Solution File, Format Version 12.00
# Visual Studio Version 17
VisualStudioVersion = 17.4.33213.308
MinimumVisualStudioVersion = 10.0.40219.1
Project("{FAE04EC0-301F-11D3-BF4B-00C04F79EFBC}") = "LeetCodePlayground", "LeetCodePlayground\LeetCodePlayground.csproj", "{A071C082-C463-42E3-BCEA-813E080AFBB2}"
EndProject
Project("{FAE04EC0-301F-11D3-BF4B-00C04F79EFBC}") = "LeetCodeLib", "LeetCodeLib\LeetCodeLib.csproj", "{DEA6527D-87FA-4DBF-813F-8BEF5B7FEEF1}"
EndProject
Global
	GlobalSection(SolutionConfigurationPlatforms) = preSolution
		Debug|Any CPU = Debug|Any CPU
		Release|Any CPU = Release|Any CPU
	EndGlobalSection
	GlobalSection(ProjectConfigurationPlatforms) = postSolution
		{A071C082-C463-42E3-BCEA-813E080AFBB2}.Debug|Any CPU.ActiveCfg = Debug|Any CPU
		{A071C082-C463-42E3-BCEA-813E080AFBB2}.Debug|Any CPU.Build.0 = Debug|Any CPU
		{A071C082-C463-42E3-BCEA-813E080AFBB2}.Release|Any CPU.ActiveCfg = Release|Any CPU
		{A071C082-C463-42E3-BCEA-813E080AFBB2}.Release|Any CPU.Build.0 = Release|Any CPU
		{DEA6527D-87FA-4DBF-813F-8BEF5B7FEEF1}.Debug|Any CPU.ActiveCfg = Debug|Any CPU
		{DEA6527D-87FA-4DBF-813F-8BEF5B7FEEF1}.Debug|Any CPU.Build.0 = Debug|Any CPU
		{DEA6527D-87FA-4DBF-813F-8BEF5B7FEEF1}.Release|Any CPU.ActiveCfg = Release|Any CPU
		{DEA6527D-87FA-4DBF-813F-8BEF5B7FEEF1}.Release|Any CPU.Build.0 = Release|Any CPU
	EndGlobalSection
	GlobalSection(SolutionProperties) = preSolution
		HideSolutionNode = FALSE
	EndGlobalSection
	GlobalSection(ExtensibilityGlobals) = postSolution
		SolutionGuid = {04608116-0B29-4135-BFD5-E26A5CE016A0}
	EndGlobalSection
EndGlobal
